github.com/golang-jwt/jwt/v5 v5.3.1 h1:kYf81DTWFe7t+1VvL7eS+jKFVWaUnK9cB1qbwn63YCY=
github.com/golang-jwt/jwt/v5 v5.3.1/go.mod h1:fxCRLWMO43lRc8nhHWY6LGqRcf+1gQWArsqaEUEa5bE=
github.com/pkg/errors v0.9.1 h1:FEBLx1zS214owpjy7qsBeixbURkuhQAwrK5UwLGTwt4=
github.com/pkg/errors v0.9.1/go.mod h1:bwawxfHBFNV+L2hUp1rHADufV3IMtnDRdf1r5NINEl0=
sigs.k8s.io/kind v0.31.0 h1:UcT4nzm+YM7YEbqiAKECk+b6dsvc/HRZZu9U0FolL1g=
sigs.k8s.io/kind v0.31.0/go.mod h1:FSqriGaoTPruiXWfRnUXNykF8r2t+fHtK0P0m1AbGF8=
